
Microsoft Visual Studio Solution File, Format Version 12.00
# Visual Studio 15
VisualStudioVersion = 15.0.27703.2000
MinimumVisualStudioVersion = 10.0.40219.1
Project("{FAE04EC0-301F-11D3-BF4B-00C04F79EFBC}") = "RomanNumeralConverter", "RomanNumeralConverter\RomanNumeralConverter.csproj", "{3D0EB990-746B-4FCE-8D4F-A88031ADD205}"
EndProject
Global
	GlobalSection(SolutionConfigurationPlatforms) = preSolution
		Debug|Any CPU = Debug|Any CPU
		Release|Any CPU = Release|Any CPU
	EndGlobalSection
	GlobalSection(ProjectConfigurationPlatforms) = postSolution
		{3D0EB990-746B-4FCE-8D4F-A88031ADD205}.Debug|Any CPU.ActiveCfg = Debug|Any CPU
		{3D0EB990-746B-4FCE-8D4F-A88031ADD205}.Debug|Any CPU.Build.0 = Debug|Any CPU
		{3D0EB990-746B-4FCE-8D4F-A88031ADD205}.Release|Any CPU.ActiveCfg = Release|Any CPU
		{3D0EB990-746B-4FCE-8D4F-A88031ADD205}.Release|Any CPU.Build.0 = Release|Any CPU
	EndGlobalSection
	GlobalSection(SolutionProperties) = preSolution
		HideSolutionNode = FALSE
	EndGlobalSection
	GlobalSection(ExtensibilityGlobals) = postSolution
		SolutionGuid = {827993B1-293C-4B9F-9EF2-9C2899E8F1A4}
	EndGlobalSection
EndGlobal
